<?xml version="1.0" encoding="UTF-8" standalone="yes" ?>
<CodeBlocks_project_file>
	<FileVersion major="1" minor="6" />
	<Project>
		<Option title="WorldGenerator" />
		<Option pch_mode="2" />
		<Option compiler="gcc" />
		<Build>
			<Target title="Debug">
				<Option output="bin/Debug/WorldGenerator" prefix_auto="1" extension_auto="1" />
				<Option object_output="obj/Debug/" />
				<Option type="1" />
				<Option compiler="gcc" />
				<Compiler>
					<Add option="-g" />
					<Add directory="include" />
				</Compiler>
			</Target>
			<Target title="Release">
				<Option output="bin/Release/WorldGenerator" prefix_auto="1" extension_auto="1" />
				<Option object_output="obj/Release/" />
				<Option type="1" />
				<Option compiler="gcc" />
				<Compiler>
					<Add option="-O2" />
					<Add directory="include" />
				</Compiler>
				<Linker>
					<Add option="-s" />
				</Linker>
			</Target>
		</Build>
		<Compiler>
			<Add option="-Wall" />
			<Add option="-fexceptions" />
		</Compiler>
		<Unit filename="Seed.cpp" />
		<Unit filename="include/Arbre.h" />
		<Unit filename="include/Arbuste.h" />
		<Unit filename="include/Bateau.h" />
		<Unit filename="include/Coords.h" />
		<Unit filename="include/Couleur.h" />
		<Unit filename="include/Ellipse.h" />
		<Unit filename="include/Etoile.h" />
		<Unit filename="include/Figure.h" />
		<Unit filename="include/Nuage.h" />
		<Unit filename="include/Object.h" />
		<Unit filename="include/Paysage.h" />
		<Unit filename="include/Plan.h" />
		<Unit filename="include/Polygon.h" />
		<Unit filename="include/Seed.h" />
		<Unit filename="include/Voiture.h" />
		<Unit filename="main.cpp" />
		<Unit filename="src/Arbre.cpp" />
		<Unit filename="src/Arbuste.cpp" />
		<Unit filename="src/Bateau.cpp" />
		<Unit filename="src/Coords.cpp" />
		<Unit filename="src/Couleur.cpp" />
		<Unit filename="src/Ellipse.cpp" />
		<Unit filename="src/Etoile.cpp" />
		<Unit filename="src/Figure.cpp" />
		<Unit filename="src/Nuage.cpp" />
		<Unit filename="src/Object.cpp" />
		<Unit filename="src/Paysage.cpp" />
		<Unit filename="src/Plan.cpp" />
		<Unit filename="src/Polygon.cpp" />
		<Unit filename="src/Voiture.cpp" />
		<Extensions>
			<code_completion />
			<envvars />
			<debugger />
		</Extensions>
	</Project>
</CodeBlocks_project_file>
